
Microsoft Visual Studio Solution File, Format Version 12.00
Project("{2150E333-8FDC-42A3-9474-1A3956D46DE8}") = "src", "src", "{19983796-EB52-480F-86C9-B2B3D492DCD4}"
EndProject
Project("{FAE04EC0-301F-11D3-BF4B-00C04F79EFBC}") = "Ssm.Aws.ClientTool", "src\Ssm.Aws.ClientTool\Ssm.Aws.ClientTool.csproj", "{62975C31-9219-4BE9-A715-CAB2B04773EA}"
EndProject
Global
	GlobalSection(SolutionConfigurationPlatforms) = preSolution
		Debug|Any CPU = Debug|Any CPU
		Release|Any CPU = Release|Any CPU
	EndGlobalSection
	GlobalSection(NestedProjects) = preSolution
		{62975C31-9219-4BE9-A715-CAB2B04773EA} = {19983796-EB52-480F-86C9-B2B3D492DCD4}
	EndGlobalSection
	GlobalSection(ProjectConfigurationPlatforms) = postSolution
		{62975C31-9219-4BE9-A715-CAB2B04773EA}.Debug|Any CPU.ActiveCfg = Debug|Any CPU
		{62975C31-9219-4BE9-A715-CAB2B04773EA}.Debug|Any CPU.Build.0 = Debug|Any CPU
		{62975C31-9219-4BE9-A715-CAB2B04773EA}.Release|Any CPU.ActiveCfg = Release|Any CPU
		{62975C31-9219-4BE9-A715-CAB2B04773EA}.Release|Any CPU.Build.0 = Release|Any CPU
	EndGlobalSection
EndGlobal
